Microsoft Visual Studio Solution File, Format Version 11.00
# Visual Studio 2010
Project("{FAE04EC0-301F-11D3-BF4B-00C04F79EFBC}") = "Assembly-CSharp", "Assembly-CSharp.csproj", "{9EA811C3-A2D8-B8A8-AC25-F545A445DC13}"
EndProject
Project("{FAE04EC0-301F-11D3-BF4B-00C04F79EFBC}") = "Assembly-CSharp-Editor-firstpass", "Assembly-CSharp-Editor-firstpass.csproj", "{C031B5CA-FE0E-EBF2-0822-1F1D87E69C34}"
EndProject
Global
	GlobalSection(SolutionConfigurationPlatforms) = preSolution
		Debug|Any CPU = Debug|Any CPU
		Release|Any CPU = Release|Any CPU
	EndGlobalSection
	GlobalSection(ProjectConfigurationPlatforms) = postSolution
		{9EA811C3-A2D8-B8A8-AC25-F545A445DC13}.Debug|Any CPU.ActiveCfg = Debug|Any CPU
		{9EA811C3-A2D8-B8A8-AC25-F545A445DC13}.Debug|Any CPU.Build.0 = Debug|Any CPU
		{9EA811C3-A2D8-B8A8-AC25-F545A445DC13}.Release|Any CPU.ActiveCfg = Release|Any CPU
		{9EA811C3-A2D8-B8A8-AC25-F545A445DC13}.Release|Any CPU.Build.0 = Release|Any CPU
		{C031B5CA-FE0E-EBF2-0822-1F1D87E69C34}.Debug|Any CPU.ActiveCfg = Debug|Any CPU
		{C031B5CA-FE0E-EBF2-0822-1F1D87E69C34}.Debug|Any CPU.Build.0 = Debug|Any CPU
		{C031B5CA-FE0E-EBF2-0822-1F1D87E69C34}.Release|Any CPU.ActiveCfg = Release|Any CPU
		{C031B5CA-FE0E-EBF2-0822-1F1D87E69C34}.Release|Any CPU.Build.0 = Release|Any CPU
	EndGlobalSection
	GlobalSection(SolutionProperties) = preSolution
		HideSolutionNode = FALSE
	EndGlobalSection
	GlobalSection(MonoDevelopProperties) = preSolution
		StartupItem = Assembly-CSharp.csproj
	EndGlobalSection
EndGlobal
